// !$*UTF8*$!
{
	archiveVersion = 1;
	classes = {
	};
	objectVersion = 56;
	objects = {

/* Begin PBXBuildFile section */
		0E07B9692988CF6000E103F4 /* LoginFlow.swift in Sources */ = {isa = PBXBuildFile; fileRef = 0E07B9682988CF6000E103F4 /* LoginFlow.swift */; };
		0E07B96B2988D0D700E103F4 /* IMPORTStep.swift in Sources */ = {isa = PBXBuildFile; fileRef = 0E07B96A2988D0D700E103F4 /* IMPORTStep.swift */; };
		0E07B96D2988D36900E103F4 /* LoginStepper.swift in Sources */ = {isa = PBXBuildFile; fileRef = 0E07B96C2988D36900E103F4 /* LoginStepper.swift */; };
		0E07B96F2988D46B00E103F4 /* HomeFlow.swift in Sources */ = {isa = PBXBuildFile; fileRef = 0E07B96E2988D46B00E103F4 /* HomeFlow.swift */; };
		0E07B9722988D4B700E103F4 /* AppFlow.swift in Sources */ = {isa = PBXBuildFile; fileRef = 0E07B9712988D4B700E103F4 /* AppFlow.swift */; };
		0E07B9742988D65F00E103F4 /* AppStepper.swift in Sources */ = {isa = PBXBuildFile; fileRef = 0E07B9732988D65F00E103F4 /* AppStepper.swift */; };
		0E07B9762988D78D00E103F4 /* StratViewController.swift in Sources */ = {isa = PBXBuildFile; fileRef = 0E07B9752988D78D00E103F4 /* StratViewController.swift */; };
		0E07B9792988D7FF00E103F4 /* BaseVC.swift in Sources */ = {isa = PBXBuildFile; fileRef = 0E07B9782988D7FF00E103F4 /* BaseVC.swift */; };
		0E125C6E2994E2900019EF0B /* SignUpRestViewController.swift in Sources */ = {isa = PBXBuildFile; fileRef = 0E125C6D2994E2900019EF0B /* SignUpRestViewController.swift */; };
		0E125C702994E5D70019EF0B /* SignUpSecondViewController.swift in Sources */ = {isa = PBXBuildFile; fileRef = 0E125C6F2994E5D70019EF0B /* SignUpSecondViewController.swift */; };
		0E125C722994E90E0019EF0B /* SignUpfourthViewController.swift in Sources */ = {isa = PBXBuildFile; fileRef = 0E125C712994E90E0019EF0B /* SignUpfourthViewController.swift */; };
		0E125C742994E9890019EF0B /* SignUpFifthViewController.swift in Sources */ = {isa = PBXBuildFile; fileRef = 0E125C732994E9890019EF0B /* SignUpFifthViewController.swift */; };
		0E125C762994E9DF0019EF0B /* StabilityViewController.swift in Sources */ = {isa = PBXBuildFile; fileRef = 0E125C752994E9DF0019EF0B /* StabilityViewController.swift */; };
		0E25F993298A2E41008D2DE4 /* SignUpFirstViewController.swift in Sources */ = {isa = PBXBuildFile; fileRef = 0E25F992298A2E41008D2DE4 /* SignUpFirstViewController.swift */; };
		0E25F997298A37F6008D2DE4 /* Step+Extension.swift in Sources */ = {isa = PBXBuildFile; fileRef = 0E25F996298A37F6008D2DE4 /* Step+Extension.swift */; };
		0E25F999298A39B1008D2DE4 /* HomeStepper.swift in Sources */ = {isa = PBXBuildFile; fileRef = 0E25F998298A39B1008D2DE4 /* HomeStepper.swift */; };
		0E25F99F298A3C3C008D2DE4 /* SignupFlow.swift in Sources */ = {isa = PBXBuildFile; fileRef = 0E25F99E298A3C3C008D2DE4 /* SignupFlow.swift */; };
		0E4A8B03298D18EE007462F7 /* EmailLoginVIewController.swift in Sources */ = {isa = PBXBuildFile; fileRef = 0E4A8B02298D18ED007462F7 /* EmailLoginVIewController.swift */; };
		0E4A8B05298D1944007462F7 /* BaseSV.swift in Sources */ = {isa = PBXBuildFile; fileRef = 0E4A8B04298D1944007462F7 /* BaseSV.swift */; };
		0E683B622984096D003DA3E8 /* TestContrller.swift in Sources */ = {isa = PBXBuildFile; fileRef = 0E683B612984096D003DA3E8 /* TestContrller.swift */; };
		0EA0A55D2990CD0800652588 /* ChangePasswordViewController.swift in Sources */ = {isa = PBXBuildFile; fileRef = 0EA0A55C2990CD0800652588 /* ChangePasswordViewController.swift */; };
		0EA0A55F2990CF9F00652588 /* ChangePasswordFlow.swift in Sources */ = {isa = PBXBuildFile; fileRef = 0EA0A55E2990CF9F00652588 /* ChangePasswordFlow.swift */; };
		0ED333302983FD5C005E2551 /* AppDelegate.swift in Sources */ = {isa = PBXBuildFile; fileRef = 0ED3332F2983FD5C005E2551 /* AppDelegate.swift */; };
		0ED333322983FD5C005E2551 /* SceneDelegate.swift in Sources */ = {isa = PBXBuildFile; fileRef = 0ED333312983FD5C005E2551 /* SceneDelegate.swift */; };
		0ED333392983FD5D005E2551 /* Assets.xcassets in Resources */ = {isa = PBXBuildFile; fileRef = 0ED333382983FD5D005E2551 /* Assets.xcassets */; };
		0ED3333C2983FD5D005E2551 /* LaunchScreen.storyboard in Resources */ = {isa = PBXBuildFile; fileRef = 0ED3333A2983FD5D005E2551 /* LaunchScreen.storyboard */; };
		0ED3CFDD299B6644007E3A2F /* BaseRest.swift in Sources */ = {isa = PBXBuildFile; fileRef = 0ED3CFDC299B6644007E3A2F /* BaseRest.swift */; };
		0ED3CFE2299B6C14007E3A2F /* FindIdViewController.swift in Sources */ = {isa = PBXBuildFile; fileRef = 0ED3CFE1299B6C14007E3A2F /* FindIdViewController.swift */; };
		0ED3CFE4299B6C93007E3A2F /* FindIdRestViewController.swift in Sources */ = {isa = PBXBuildFile; fileRef = 0ED3CFE3299B6C93007E3A2F /* FindIdRestViewController.swift */; };
		0ED3CFE7299B6E23007E3A2F /* ChangePasswordRestViewController.swift in Sources */ = {isa = PBXBuildFile; fileRef = 0ED3CFE6299B6E23007E3A2F /* ChangePasswordRestViewController.swift */; };
		0ED3CFEA299B7039007E3A2F /* PopUpViewController.swift in Sources */ = {isa = PBXBuildFile; fileRef = 0ED3CFE9299B7039007E3A2F /* PopUpViewController.swift */; };
		0ED3CFEC299B732C007E3A2F /* UIViewController+Extension.swift in Sources */ = {isa = PBXBuildFile; fileRef = 0ED3CFEB299B732C007E3A2F /* UIViewController+Extension.swift */; };
		0ED3CFEF299B743E007E3A2F /* SecessionFirstViewController.swift in Sources */ = {isa = PBXBuildFile; fileRef = 0ED3CFEE299B743E007E3A2F /* SecessionFirstViewController.swift */; };
		0ED3CFF1299B751D007E3A2F /* SecessionSecondViewController.swift in Sources */ = {isa = PBXBuildFile; fileRef = 0ED3CFF0299B751D007E3A2F /* SecessionSecondViewController.swift */; };
		0ED3CFF3299B7F82007E3A2F /* UIControl+Extension.swift in Sources */ = {isa = PBXBuildFile; fileRef = 0ED3CFF2299B7F82007E3A2F /* UIControl+Extension.swift */; };
		0ED3CFF6299B829C007E3A2F /* SecessionRestViewController.swift in Sources */ = {isa = PBXBuildFile; fileRef = 0ED3CFF5299B829C007E3A2F /* SecessionRestViewController.swift */; };
		0EE4027A2986D0B600334805 /* MassgeViewController.swift in Sources */ = {isa = PBXBuildFile; fileRef = 0EE402792986D0B600334805 /* MassgeViewController.swift */; };
		0EE4027C2986D0C200334805 /* PlusViewController.swift in Sources */ = {isa = PBXBuildFile; fileRef = 0EE4027B2986D0C200334805 /* PlusViewController.swift */; };
		0EE4027E2986D0CA00334805 /* UserViewController.swift in Sources */ = {isa = PBXBuildFile; fileRef = 0EE4027D2986D0CA00334805 /* UserViewController.swift */; };
		0EE402812986D16E00334805 /* TabBarViewController.swift in Sources */ = {isa = PBXBuildFile; fileRef = 0EE402802986D16E00334805 /* TabBarViewController.swift */; };
		0EE402842986D31900334805 /* UIColor+Extension.swift in Sources */ = {isa = PBXBuildFile; fileRef = 0EE402832986D31900334805 /* UIColor+Extension.swift */; };
		1954BF9442136411301C22C7 /* Pods_Import.framework in Frameworks */ = {isa = PBXBuildFile; fileRef = 11484AAC026384E94599D5D0 /* Pods_Import.framework */; };
/* End PBXBuildFile section */

/* Begin PBXFileReference section */
		0E07B9682988CF6000E103F4 /* LoginFlow.swift */ = {isa = PBXFileReference; lastKnownFileType = sourcecode.swift; path = LoginFlow.swift; sourceTree = "<group>"; };
		0E07B96A2988D0D700E103F4 /* IMPORTStep.swift */ = {isa = PBXFileReference; lastKnownFileType = sourcecode.swift; path = IMPORTStep.swift; sourceTree = "<group>"; };
		0E07B96C2988D36900E103F4 /* LoginStepper.swift */ = {isa = PBXFileReference; lastKnownFileType = sourcecode.swift; path = LoginStepper.swift; sourceTree = "<group>"; };
		0E07B96E2988D46B00E103F4 /* HomeFlow.swift */ = {isa = PBXFileReference; lastKnownFileType = sourcecode.swift; path = HomeFlow.swift; sourceTree = "<group>"; };
		0E07B9712988D4B700E103F4 /* AppFlow.swift */ = {isa = PBXFileReference; lastKnownFileType = sourcecode.swift; path = AppFlow.swift; sourceTree = "<group>"; };
		0E07B9732988D65F00E103F4 /* AppStepper.swift */ = {isa = PBXFileReference; lastKnownFileType = sourcecode.swift; path = AppStepper.swift; sourceTree = "<group>"; };
		0E07B9752988D78D00E103F4 /* StratViewController.swift */ = {isa = PBXFileReference; lastKnownFileType = sourcecode.swift; path = StratViewController.swift; sourceTree = "<group>"; };
		0E07B9782988D7FF00E103F4 /* BaseVC.swift */ = {isa = PBXFileReference; lastKnownFileType = sourcecode.swift; path = BaseVC.swift; sourceTree = "<group>"; };
		0E125C6D2994E2900019EF0B /* SignUpRestViewController.swift */ = {isa = PBXFileReference; lastKnownFileType = sourcecode.swift; path = SignUpRestViewController.swift; sourceTree = "<group>"; };
		0E125C6F2994E5D70019EF0B /* SignUpSecondViewController.swift */ = {isa = PBXFileReference; lastKnownFileType = sourcecode.swift; path = SignUpSecondViewController.swift; sourceTree = "<group>"; };
		0E125C712994E90E0019EF0B /* SignUpfourthViewController.swift */ = {isa = PBXFileReference; lastKnownFileType = sourcecode.swift; path = SignUpfourthViewController.swift; sourceTree = "<group>"; };
		0E125C732994E9890019EF0B /* SignUpFifthViewController.swift */ = {isa = PBXFileReference; lastKnownFileType = sourcecode.swift; path = SignUpFifthViewController.swift; sourceTree = "<group>"; };
		0E125C752994E9DF0019EF0B /* StabilityViewController.swift */ = {isa = PBXFileReference; lastKnownFileType = sourcecode.swift; path = StabilityViewController.swift; sourceTree = "<group>"; };
		0E25F992298A2E41008D2DE4 /* SignUpFirstViewController.swift */ = {isa = PBXFileReference; lastKnownFileType = sourcecode.swift; path = SignUpFirstViewController.swift; sourceTree = "<group>"; };
		0E25F996298A37F6008D2DE4 /* Step+Extension.swift */ = {isa = PBXFileReference; lastKnownFileType = sourcecode.swift; path = "Step+Extension.swift"; sourceTree = "<group>"; };
		0E25F998298A39B1008D2DE4 /* HomeStepper.swift */ = {isa = PBXFileReference; lastKnownFileType = sourcecode.swift; path = HomeStepper.swift; sourceTree = "<group>"; };
		0E25F99E298A3C3C008D2DE4 /* SignupFlow.swift */ = {isa = PBXFileReference; lastKnownFileType = sourcecode.swift; path = SignupFlow.swift; sourceTree = "<group>"; };
		0E4A8B02298D18ED007462F7 /* EmailLoginVIewController.swift */ = {isa = PBXFileReference; lastKnownFileType = sourcecode.swift; path = EmailLoginVIewController.swift; sourceTree = "<group>"; };
		0E4A8B04298D1944007462F7 /* BaseSV.swift */ = {isa = PBXFileReference; lastKnownFileType = sourcecode.swift; path = BaseSV.swift; sourceTree = "<group>"; };
		0E683B612984096D003DA3E8 /* TestContrller.swift */ = {isa = PBXFileReference; lastKnownFileType = sourcecode.swift; path = TestContrller.swift; sourceTree = "<group>"; };
		0EA0A55C2990CD0800652588 /* ChangePasswordViewController.swift */ = {isa = PBXFileReference; lastKnownFileType = sourcecode.swift; path = ChangePasswordViewController.swift; sourceTree = "<group>"; };
		0EA0A55E2990CF9F00652588 /* ChangePasswordFlow.swift */ = {isa = PBXFileReference; lastKnownFileType = sourcecode.swift; path = ChangePasswordFlow.swift; sourceTree = "<group>"; };
		0ED3332C2983FD5C005E2551 /* Import.app */ = {isa = PBXFileReference; explicitFileType = wrapper.application; includeInIndex = 0; path = Import.app; sourceTree = BUILT_PRODUCTS_DIR; };
		0ED3332F2983FD5C005E2551 /* AppDelegate.swift */ = {isa = PBXFileReference; lastKnownFileType = sourcecode.swift; path = AppDelegate.swift; sourceTree = "<group>"; };
		0ED333312983FD5C005E2551 /* SceneDelegate.swift */ = {isa = PBXFileReference; lastKnownFileType = sourcecode.swift; path = SceneDelegate.swift; sourceTree = "<group>"; };
		0ED333382983FD5D005E2551 /* Assets.xcassets */ = {isa = PBXFileReference; lastKnownFileType = folder.assetcatalog; path = Assets.xcassets; sourceTree = "<group>"; };
		0ED3333B2983FD5D005E2551 /* Base */ = {isa = PBXFileReference; lastKnownFileType = file.storyboard; name = Base; path = Base.lproj/LaunchScreen.storyboard; sourceTree = "<group>"; };
		0ED3333D2983FD5D005E2551 /* Info.plist */ = {isa = PBXFileReference; lastKnownFileType = text.plist.xml; path = Info.plist; sourceTree = "<group>"; };
		0ED3CFDC299B6644007E3A2F /* BaseRest.swift */ = {isa = PBXFileReference; lastKnownFileType = sourcecode.swift; path = BaseRest.swift; sourceTree = "<group>"; };
		0ED3CFE1299B6C14007E3A2F /* FindIdViewController.swift */ = {isa = PBXFileReference; lastKnownFileType = sourcecode.swift; path = FindIdViewController.swift; sourceTree = "<group>"; };
		0ED3CFE3299B6C93007E3A2F /* FindIdRestViewController.swift */ = {isa = PBXFileReference; lastKnownFileType = sourcecode.swift; path = FindIdRestViewController.swift; sourceTree = "<group>"; };
		0ED3CFE6299B6E23007E3A2F /* ChangePasswordRestViewController.swift */ = {isa = PBXFileReference; lastKnownFileType = sourcecode.swift; path = ChangePasswordRestViewController.swift; sourceTree = "<group>"; };
		0ED3CFE9299B7039007E3A2F /* PopUpViewController.swift */ = {isa = PBXFileReference; lastKnownFileType = sourcecode.swift; path = PopUpViewController.swift; sourceTree = "<group>"; };
		0ED3CFEB299B732C007E3A2F /* UIViewController+Extension.swift */ = {isa = PBXFileReference; lastKnownFileType = sourcecode.swift; path = "UIViewController+Extension.swift"; sourceTree = "<group>"; };
		0ED3CFEE299B743E007E3A2F /* SecessionFirstViewController.swift */ = {isa = PBXFileReference; lastKnownFileType = sourcecode.swift; path = SecessionFirstViewController.swift; sourceTree = "<group>"; };
		0ED3CFF0299B751D007E3A2F /* SecessionSecondViewController.swift */ = {isa = PBXFileReference; lastKnownFileType = sourcecode.swift; path = SecessionSecondViewController.swift; sourceTree = "<group>"; };
		0ED3CFF2299B7F82007E3A2F /* UIControl+Extension.swift */ = {isa = PBXFileReference; lastKnownFileType = sourcecode.swift; path = "UIControl+Extension.swift"; sourceTree = "<group>"; };
		0ED3CFF5299B829C007E3A2F /* SecessionRestViewController.swift */ = {isa = PBXFileReference; lastKnownFileType = sourcecode.swift; path = SecessionRestViewController.swift; sourceTree = "<group>"; };
		0EE402792986D0B600334805 /* MassgeViewController.swift */ = {isa = PBXFileReference; lastKnownFileType = sourcecode.swift; path = MassgeViewController.swift; sourceTree = "<group>"; };
		0EE4027B2986D0C200334805 /* PlusViewController.swift */ = {isa = PBXFileReference; lastKnownFileType = sourcecode.swift; path = PlusViewController.swift; sourceTree = "<group>"; };
		0EE4027D2986D0CA00334805 /* UserViewController.swift */ = {isa = PBXFileReference; lastKnownFileType = sourcecode.swift; path = UserViewController.swift; sourceTree = "<group>"; };
		0EE402802986D16E00334805 /* TabBarViewController.swift */ = {isa = PBXFileReference; lastKnownFileType = sourcecode.swift; path = TabBarViewController.swift; sourceTree = "<group>"; };
		0EE402832986D31900334805 /* UIColor+Extension.swift */ = {isa = PBXFileReference; lastKnownFileType = sourcecode.swift; path = "UIColor+Extension.swift"; sourceTree = "<group>"; };
		11484AAC026384E94599D5D0 /* Pods_Import.framework */ = {isa = PBXFileReference; explicitFileType = wrapper.framework; includeInIndex = 0; path = Pods_Import.framework; sourceTree = BUILT_PRODUCTS_DIR; };
		A28063022A74CB6286508186 /* Pods-Import.debug.xcconfig */ = {isa = PBXFileReference; includeInIndex = 1; lastKnownFileType = text.xcconfig; name = "Pods-Import.debug.xcconfig"; path = "Target Support Files/Pods-Import/Pods-Import.debug.xcconfig"; sourceTree = "<group>"; };
		AAF69C75B1DBB8F0AFCF88A8 /* Pods-Import.release.xcconfig */ = {isa = PBXFileReference; includeInIndex = 1; lastKnownFileType = text.xcconfig; name = "Pods-Import.release.xcconfig"; path = "Target Support Files/Pods-Import/Pods-Import.release.xcconfig"; sourceTree = "<group>"; };
/* End PBXFileReference section */

/* Begin PBXFrameworksBuildPhase section */
		0ED333292983FD5C005E2551 /* Frameworks */ = {
			isa = PBXFrameworksBuildPhase;
			buildActionMask = 2147483647;
			files = (
				1954BF9442136411301C22C7 /* Pods_Import.framework in Frameworks */,
			);
			runOnlyForDeploymentPostprocessing = 0;
		};
/* End PBXFrameworksBuildPhase section */

/* Begin PBXGroup section */
		0E07B9642988CED600E103F4 /* ViewControllers */ = {
			isa = PBXGroup;
			children = (
				0ED3CFDB299B63A7007E3A2F /* StabilityEmoji */,
				0ED3CFED299B73DA007E3A2F /* secession */,
				0E07B9752988D78D00E103F4 /* StratViewController.swift */,
				0EA0A55C2990CD0800652588 /* ChangePasswordViewController.swift */,
				0ED3CFE1299B6C14007E3A2F /* FindIdViewController.swift */,
				0E07B9702988D49B00E103F4 /* Auth */,
			);
			path = ViewControllers;
			sourceTree = "<group>";
		};
		0E07B9672988CF4100E103F4 /* Flow */ = {
			isa = PBXGroup;
			children = (
				0E25F99B298A3BBC008D2DE4 /* Step */,
				0E25F99A298A3BAC008D2DE4 /* Flows */,
				0E25F99D298A3BFE008D2DE4 /* Stepper */,
				0E25F99C298A3BE3008D2DE4 /* AppFlow */,
			);
			path = Flow;
			sourceTree = "<group>";
		};
		0E07B9702988D49B00E103F4 /* Auth */ = {
			isa = PBXGroup;
			children = (
				0E125C692994DFE20019EF0B /* Login */,
				0E125C6A2994DFEB0019EF0B /* SignUp */,
			);
			path = Auth;
			sourceTree = "<group>";
		};
		0E07B9772988D7F800E103F4 /* Base */ = {
			isa = PBXGroup;
			children = (
				0E07B9782988D7FF00E103F4 /* BaseVC.swift */,
				0E4A8B04298D1944007462F7 /* BaseSV.swift */,
				0ED3CFDC299B6644007E3A2F /* BaseRest.swift */,
			);
			path = Base;
			sourceTree = "<group>";
		};
		0E125C692994DFE20019EF0B /* Login */ = {
			isa = PBXGroup;
			children = (
				0E4A8B02298D18ED007462F7 /* EmailLoginVIewController.swift */,
			);
			path = Login;
			sourceTree = "<group>";
		};
		0E125C6A2994DFEB0019EF0B /* SignUp */ = {
			isa = PBXGroup;
			children = (
				0E25F992298A2E41008D2DE4 /* SignUpFirstViewController.swift */,
				0E125C6F2994E5D70019EF0B /* SignUpSecondViewController.swift */,
				0E125C712994E90E0019EF0B /* SignUpfourthViewController.swift */,
				0E125C732994E9890019EF0B /* SignUpFifthViewController.swift */,
			);
			path = SignUp;
			sourceTree = "<group>";
		};
		0E25F99A298A3BAC008D2DE4 /* Flows */ = {
			isa = PBXGroup;
			children = (
				0E07B9682988CF6000E103F4 /* LoginFlow.swift */,
				0E07B96E2988D46B00E103F4 /* HomeFlow.swift */,
				0E25F99E298A3C3C008D2DE4 /* SignupFlow.swift */,
				0EA0A55E2990CF9F00652588 /* ChangePasswordFlow.swift */,
			);
			path = Flows;
			sourceTree = "<group>";
		};
		0E25F99B298A3BBC008D2DE4 /* Step */ = {
			isa = PBXGroup;
			children = (
				0E07B96A2988D0D700E103F4 /* IMPORTStep.swift */,
			);
			path = Step;
			sourceTree = "<group>";
		};
		0E25F99C298A3BE3008D2DE4 /* AppFlow */ = {
			isa = PBXGroup;
			children = (
				0E07B9712988D4B700E103F4 /* AppFlow.swift */,
				0E07B9732988D65F00E103F4 /* AppStepper.swift */,
			);
			path = AppFlow;
			sourceTree = "<group>";
		};
		0E25F99D298A3BFE008D2DE4 /* Stepper */ = {
			isa = PBXGroup;
			children = (
				0E07B96C2988D36900E103F4 /* LoginStepper.swift */,
				0E25F998298A39B1008D2DE4 /* HomeStepper.swift */,
			);
			path = Stepper;
			sourceTree = "<group>";
		};
		0E683B5B298407CB003DA3E8 /* Resource */ = {
			isa = PBXGroup;
			children = (
				0E683B5C298407D6003DA3E8 /* Storyboard */,
				0E683B5D298407EC003DA3E8 /* Supporting Files */,
			);
			path = Resource;
			sourceTree = "<group>";
		};
		0E683B5C298407D6003DA3E8 /* Storyboard */ = {
			isa = PBXGroup;
			children = (
				0ED3333A2983FD5D005E2551 /* LaunchScreen.storyboard */,
			);
			path = Storyboard;
			sourceTree = "<group>";
		};
		0E683B5D298407EC003DA3E8 /* Supporting Files */ = {
			isa = PBXGroup;
			children = (
				0E683B5E2984080A003DA3E8 /* Lottie */,
				0E683B5F2984080D003DA3E8 /* Font */,
				0ED3332F2983FD5C005E2551 /* AppDelegate.swift */,
				0ED333312983FD5C005E2551 /* SceneDelegate.swift */,
				0ED333382983FD5D005E2551 /* Assets.xcassets */,
				0ED3333D2983FD5D005E2551 /* Info.plist */,
			);
			path = "Supporting Files";
			sourceTree = "<group>";
		};
		0E683B5E2984080A003DA3E8 /* Lottie */ = {
			isa = PBXGroup;
			children = (
			);
			path = Lottie;
			sourceTree = "<group>";
		};
		0E683B5F2984080D003DA3E8 /* Font */ = {
			isa = PBXGroup;
			children = (
			);
			path = Font;
			sourceTree = "<group>";
		};
		0E683B6029840853003DA3E8 /* Source */ = {
			isa = PBXGroup;
			children = (
				0ED3CFE8299B6FF1007E3A2F /* customAlert  */,
				0E07B9772988D7F800E103F4 /* Base */,
				0E07B9672988CF4100E103F4 /* Flow */,
				0E07B9642988CED600E103F4 /* ViewControllers */,
				0EE402822986D2F400334805 /* Extensions */,
				0EE4027F2986D14300334805 /* TabBar */,
				0EE402762986CF2500334805 /* TestCode */,
			);
			path = Source;
			sourceTree = "<group>";
		};
		0ED333232983FD5C005E2551 = {
			isa = PBXGroup;
			children = (
				0ED3332E2983FD5C005E2551 /* Import */,
				0ED3332D2983FD5C005E2551 /* Products */,
				4ACDBC16E27844D7D58FAABF /* Pods */,
				76450092386F591BD5AD2350 /* Frameworks */,
			);
			sourceTree = "<group>";
		};
		0ED3332D2983FD5C005E2551 /* Products */ = {
			isa = PBXGroup;
			children = (
				0ED3332C2983FD5C005E2551 /* Import.app */,
			);
			name = Products;
			sourceTree = "<group>";
		};
		0ED3332E2983FD5C005E2551 /* Import */ = {
			isa = PBXGroup;
			children = (
				0E683B5B298407CB003DA3E8 /* Resource */,
				0E683B6029840853003DA3E8 /* Source */,
			);
			path = Import;
			sourceTree = "<group>";
		};
		0ED3CFDB299B63A7007E3A2F /* StabilityEmoji */ = {
			isa = PBXGroup;
			children = (
				0ED3CFF4299B827E007E3A2F /* Secession */,
				0ED3CFE5299B6E03007E3A2F /* ChangePassword */,
				0ED3CFE0299B6B62007E3A2F /* FindId */,
				0ED3CFDE299B69A6007E3A2F /* Signup */,
			);
			path = StabilityEmoji;
			sourceTree = "<group>";
		};
		0ED3CFDE299B69A6007E3A2F /* Signup */ = {
			isa = PBXGroup;
			children = (
				0E125C6D2994E2900019EF0B /* SignUpRestViewController.swift */,
				0E125C752994E9DF0019EF0B /* StabilityViewController.swift */,
			);
			path = Signup;
			sourceTree = "<group>";
		};
		0ED3CFE0299B6B62007E3A2F /* FindId */ = {
			isa = PBXGroup;
			children = (
				0ED3CFE3299B6C93007E3A2F /* FindIdRestViewController.swift */,
			);
			path = FindId;
			sourceTree = "<group>";
		};
		0ED3CFE5299B6E03007E3A2F /* ChangePassword */ = {
			isa = PBXGroup;
			children = (
				0ED3CFE6299B6E23007E3A2F /* ChangePasswordRestViewController.swift */,
			);
			path = ChangePassword;
			sourceTree = "<group>";
		};
		0ED3CFE8299B6FF1007E3A2F /* customAlert  */ = {
			isa = PBXGroup;
			children = (
				0ED3CFE9299B7039007E3A2F /* PopUpViewController.swift */,
			);
			path = "customAlert ";
			sourceTree = "<group>";
		};
		0ED3CFED299B73DA007E3A2F /* secession */ = {
			isa = PBXGroup;
			children = (
				0ED3CFEE299B743E007E3A2F /* SecessionFirstViewController.swift */,
				0ED3CFF0299B751D007E3A2F /* SecessionSecondViewController.swift */,
			);
			path = secession;
			sourceTree = "<group>";
		};
		0ED3CFF4299B827E007E3A2F /* Secession */ = {
			isa = PBXGroup;
			children = (
				0ED3CFF5299B829C007E3A2F /* SecessionRestViewController.swift */,
			);
			path = Secession;
			sourceTree = "<group>";
		};
		0EE402762986CF2500334805 /* TestCode */ = {
			isa = PBXGroup;
			children = (
				0E683B612984096D003DA3E8 /* TestContrller.swift */,
				0EE402792986D0B600334805 /* MassgeViewController.swift */,
				0EE4027B2986D0C200334805 /* PlusViewController.swift */,
				0EE4027D2986D0CA00334805 /* UserViewController.swift */,
			);
			path = TestCode;
			sourceTree = "<group>";
		};
		0EE4027F2986D14300334805 /* TabBar */ = {
			isa = PBXGroup;
			children = (
				0EE402802986D16E00334805 /* TabBarViewController.swift */,
			);
			path = TabBar;
			sourceTree = "<group>";
		};
		0EE402822986D2F400334805 /* Extensions */ = {
			isa = PBXGroup;
			children = (
				0EE402832986D31900334805 /* UIColor+Extension.swift */,
				0E25F996298A37F6008D2DE4 /* Step+Extension.swift */,
				0ED3CFEB299B732C007E3A2F /* UIViewController+Extension.swift */,
				0ED3CFF2299B7F82007E3A2F /* UIControl+Extension.swift */,
			);
			path = Extensions;
			sourceTree = "<group>";
		};
		4ACDBC16E27844D7D58FAABF /* Pods */ = {
			isa = PBXGroup;
			children = (
				A28063022A74CB6286508186 /* Pods-Import.debug.xcconfig */,
				AAF69C75B1DBB8F0AFCF88A8 /* Pods-Import.release.xcconfig */,
			);
			path = Pods;
			sourceTree = "<group>";
		};
		76450092386F591BD5AD2350 /* Frameworks */ = {
			isa = PBXGroup;
			children = (
				11484AAC026384E94599D5D0 /* Pods_Import.framework */,
			);
			name = Frameworks;
			sourceTree = "<group>";
		};
/* End PBXGroup section */

/* Begin PBXNativeTarget section */
		0ED3332B2983FD5C005E2551 /* Import */ = {
			isa = PBXNativeTarget;
			buildConfigurationList = 0ED333402983FD5D005E2551 /* Build configuration list for PBXNativeTarget "Import" */;
			buildPhases = (
				85ED6E1E478F0258244E328B /* [CP] Check Pods Manifest.lock */,
				0ED333282983FD5C005E2551 /* Sources */,
				0ED333292983FD5C005E2551 /* Frameworks */,
				0ED3332A2983FD5C005E2551 /* Resources */,
				6A3D35139E8A531CB3320662 /* [CP] Embed Pods Frameworks */,
			);
			buildRules = (
			);
			dependencies = (
			);
			name = Import;
			productName = Import;
			productReference = 0ED3332C2983FD5C005E2551 /* Import.app */;
			productType = "com.apple.product-type.application";
		};
/* End PBXNativeTarget section */

/* Begin PBXProject section */
		0ED333242983FD5C005E2551 /* Project object */ = {
			isa = PBXProject;
			attributes = {
				BuildIndependentTargetsInParallel = 1;
				LastSwiftUpdateCheck = 1420;
				LastUpgradeCheck = 1420;
				TargetAttributes = {
					0ED3332B2983FD5C005E2551 = {
						CreatedOnToolsVersion = 14.2;
					};
				};
			};
			buildConfigurationList = 0ED333272983FD5C005E2551 /* Build configuration list for PBXProject "Import" */;
			compatibilityVersion = "Xcode 14.0";
			developmentRegion = en;
			hasScannedForEncodings = 0;
			knownRegions = (
				en,
				Base,
			);
			mainGroup = 0ED333232983FD5C005E2551;
			productRefGroup = 0ED3332D2983FD5C005E2551 /* Products */;
			projectDirPath = "";
			projectRoot = "";
			targets = (
				0ED3332B2983FD5C005E2551 /* Import */,
			);
		};
/* End PBXProject section */

/* Begin PBXResourcesBuildPhase section */
		0ED3332A2983FD5C005E2551 /* Resources */ = {
			isa = PBXResourcesBuildPhase;
			buildActionMask = 2147483647;
			files = (
				0ED3333C2983FD5D005E2551 /* LaunchScreen.storyboard in Resources */,
				0ED333392983FD5D005E2551 /* Assets.xcassets in Resources */,
			);
			runOnlyForDeploymentPostprocessing = 0;
		};
/* End PBXResourcesBuildPhase section */

/* Begin PBXShellScriptBuildPhase section */
		6A3D35139E8A531CB3320662 /* [CP] Embed Pods Frameworks */ = {
			isa = PBXShellScriptBuildPhase;
			buildActionMask = 2147483647;
			files = (
			);
			inputFileListPaths = (
				"${PODS_ROOT}/Target Support Files/Pods-Import/Pods-Import-frameworks-${CONFIGURATION}-input-files.xcfilelist",
			);
			name = "[CP] Embed Pods Frameworks";
			outputFileListPaths = (
				"${PODS_ROOT}/Target Support Files/Pods-Import/Pods-Import-frameworks-${CONFIGURATION}-output-files.xcfilelist",
			);
			runOnlyForDeploymentPostprocessing = 0;
			shellPath = /bin/sh;
			shellScript = "\"${PODS_ROOT}/Target Support Files/Pods-Import/Pods-Import-frameworks.sh\"\n";
			showEnvVarsInLog = 0;
		};
		85ED6E1E478F0258244E328B /* [CP] Check Pods Manifest.lock */ = {
			isa = PBXShellScriptBuildPhase;
			buildActionMask = 2147483647;
			files = (
			);
			inputFileListPaths = (
			);
			inputPaths = (
				"${PODS_PODFILE_DIR_PATH}/Podfile.lock",
				"${PODS_ROOT}/Manifest.lock",
			);
			name = "[CP] Check Pods Manifest.lock";
			outputFileListPaths = (
			);
			outputPaths = (
				"$(DERIVED_FILE_DIR)/Pods-Import-checkManifestLockResult.txt",
			);
			runOnlyForDeploymentPostprocessing = 0;
			shellPath = /bin/sh;
			shellScript = "diff \"${PODS_PODFILE_DIR_PATH}/Podfile.lock\" \"${PODS_ROOT}/Manifest.lock\" > /dev/null\nif [ $? != 0 ] ; then\n    # print error to STDERR\n    echo \"error: The sandbox is not in sync with the Podfile.lock. Run 'pod install' or update your CocoaPods installation.\" >&2\n    exit 1\nfi\n# This output is used by Xcode 'outputs' to avoid re-running this script phase.\necho \"SUCCESS\" > \"${SCRIPT_OUTPUT_FILE_0}\"\n";
			showEnvVarsInLog = 0;
		};
/* End PBXShellScriptBuildPhase section */

/* Begin PBXSourcesBuildPhase section */
		0ED333282983FD5C005E2551 /* Sources */ = {
			isa = PBXSourcesBuildPhase;
			buildActionMask = 2147483647;
			files = (
				0E125C742994E9890019EF0B /* SignUpFifthViewController.swift in Sources */,
				0EE402812986D16E00334805 /* TabBarViewController.swift in Sources */,
				0E07B96D2988D36900E103F4 /* LoginStepper.swift in Sources */,
				0E07B96F2988D46B00E103F4 /* HomeFlow.swift in Sources */,
				0ED3CFE4299B6C93007E3A2F /* FindIdRestViewController.swift in Sources */,
				0EE4027E2986D0CA00334805 /* UserViewController.swift in Sources */,
				0ED3CFF6299B829C007E3A2F /* SecessionRestViewController.swift in Sources */,
				0EA0A55F2990CF9F00652588 /* ChangePasswordFlow.swift in Sources */,
				0ED3CFF1299B751D007E3A2F /* SecessionSecondViewController.swift in Sources */,
				0EE4027A2986D0B600334805 /* MassgeViewController.swift in Sources */,
				0EE402842986D31900334805 /* UIColor+Extension.swift in Sources */,
				0ED333302983FD5C005E2551 /* AppDelegate.swift in Sources */,
				0E125C702994E5D70019EF0B /* SignUpSecondViewController.swift in Sources */,
				0ED3CFDD299B6644007E3A2F /* BaseRest.swift in Sources */,
				0E4A8B05298D1944007462F7 /* BaseSV.swift in Sources */,
				0E25F997298A37F6008D2DE4 /* Step+Extension.swift in Sources */,
				0ED3CFF3299B7F82007E3A2F /* UIControl+Extension.swift in Sources */,
				0E25F993298A2E41008D2DE4 /* SignUpFirstViewController.swift in Sources */,
				0E07B9692988CF6000E103F4 /* LoginFlow.swift in Sources */,
				0E125C6E2994E2900019EF0B /* SignUpRestViewController.swift in Sources */,
				0E25F99F298A3C3C008D2DE4 /* SignupFlow.swift in Sources */,
				0ED3CFEC299B732C007E3A2F /* UIViewController+Extension.swift in Sources */,
				0E125C762994E9DF0019EF0B /* StabilityViewController.swift in Sources */,
				0ED3CFE2299B6C14007E3A2F /* FindIdViewController.swift in Sources */,
				0ED3CFE7299B6E23007E3A2F /* ChangePasswordRestViewController.swift in Sources */,
				0E07B96B2988D0D700E103F4 /* IMPORTStep.swift in Sources */,
				0E07B9762988D78D00E103F4 /* StratViewController.swift in Sources */,
				0EE4027C2986D0C200334805 /* PlusViewController.swift in Sources */,
				0E683B622984096D003DA3E8 /* TestContrller.swift in Sources */,
				0E07B9792988D7FF00E103F4 /* BaseVC.swift in Sources */,
				0E4A8B03298D18EE007462F7 /* EmailLoginVIewController.swift in Sources */,
				0ED3CFEF299B743E007E3A2F /* SecessionFirstViewController.swift in Sources */,
				0ED3CFEA299B7039007E3A2F /* PopUpViewController.swift in Sources */,
				0E25F999298A39B1008D2DE4 /* HomeStepper.swift in Sources */,
				0E125C722994E90E0019EF0B /* SignUpfourthViewController.swift in Sources */,
				0ED333322983FD5C005E2551 /* SceneDelegate.swift in Sources */,
				0E07B9722988D4B700E103F4 /* AppFlow.swift in Sources */,
				0E07B9742988D65F00E103F4 /* AppStepper.swift in Sources */,
				0EA0A55D2990CD0800652588 /* ChangePasswordViewController.swift in Sources */,
			);
			runOnlyForDeploymentPostprocessing = 0;
		};
/* End PBXSourcesBuildPhase section */

/* Begin PBXVariantGroup section */
		0ED3333A2983FD5D005E2551 /* LaunchScreen.storyboard */ = {
			isa = PBXVariantGroup;
			children = (
				0ED3333B2983FD5D005E2551 /* Base */,
			);
			name = LaunchScreen.storyboard;
			sourceTree = "<group>";
		};
/* End PBXVariantGroup section */

/* Begin XCBuildConfiguration section */
		0ED3333E2983FD5D005E2551 /* Debug */ = {
			isa = XCBuildConfiguration;
			buildSettings = {
				ALWAYS_SEARCH_USER_PATHS = NO;
				CLANG_ANALYZER_NONNULL = YES;
				CLANG_ANALYZER_NUMBER_OBJECT_CONVERSION = YES_AGGRESSIVE;
				CLANG_CXX_LANGUAGE_STANDARD = "gnu++20";
				CLANG_ENABLE_MODULES = YES;
				CLANG_ENABLE_OBJC_ARC = YES;
				CLANG_ENABLE_OBJC_WEAK = YES;
				CLANG_WARN_BLOCK_CAPTURE_AUTORELEASING = YES;
				CLANG_WARN_BOOL_CONVERSION = YES;
				CLANG_WARN_COMMA = YES;
				CLANG_WARN_CONSTANT_CONVERSION = YES;
				CLANG_WARN_DEPRECATED_OBJC_IMPLEMENTATIONS = YES;
				CLANG_WARN_DIRECT_OBJC_ISA_USAGE = YES_ERROR;
				CLANG_WARN_DOCUMENTATION_COMMENTS = YES;
				CLANG_WARN_EMPTY_BODY = YES;
				CLANG_WARN_ENUM_CONVERSION = YES;
				CLANG_WARN_INFINITE_RECURSION = YES;
				CLANG_WARN_INT_CONVERSION = YES;
				CLANG_WARN_NON_LITERAL_NULL_CONVERSION = YES;
				CLANG_WARN_OBJC_IMPLICIT_RETAIN_SELF = YES;
				CLANG_WARN_OBJC_LITERAL_CONVERSION = YES;
				CLANG_WARN_OBJC_ROOT_CLASS = YES_ERROR;
				CLANG_WARN_QUOTED_INCLUDE_IN_FRAMEWORK_HEADER = YES;
				CLANG_WARN_RANGE_LOOP_ANALYSIS = YES;
				CLANG_WARN_STRICT_PROTOTYPES = YES;
				CLANG_WARN_SUSPICIOUS_MOVE = YES;
				CLANG_WARN_UNGUARDED_AVAILABILITY = YES_AGGRESSIVE;
				CLANG_WARN_UNREACHABLE_CODE = YES;
				CLANG_WARN__DUPLICATE_METHOD_MATCH = YES;
				COPY_PHASE_STRIP = NO;
				DEBUG_INFORMATION_FORMAT = dwarf;
				ENABLE_STRICT_OBJC_MSGSEND = YES;
				ENABLE_TESTABILITY = YES;
				GCC_C_LANGUAGE_STANDARD = gnu11;
				GCC_DYNAMIC_NO_PIC = NO;
				GCC_NO_COMMON_BLOCKS = YES;
				GCC_OPTIMIZATION_LEVEL = 0;
				GCC_PREPROCESSOR_DEFINITIONS = (
					"DEBUG=1",
					"$(inherited)",
				);
				GCC_WARN_64_TO_32_BIT_CONVERSION = YES;
				GCC_WARN_ABOUT_RETURN_TYPE = YES_ERROR;
				GCC_WARN_UNDECLARED_SELECTOR = YES;
				GCC_WARN_UNINITIALIZED_AUTOS = YES_AGGRESSIVE;
				GCC_WARN_UNUSED_FUNCTION = YES;
				GCC_WARN_UNUSED_VARIABLE = YES;
				IPHONEOS_DEPLOYMENT_TARGET = 16.2;
				MTL_ENABLE_DEBUG_INFO = INCLUDE_SOURCE;
				MTL_FAST_MATH = YES;
				ONLY_ACTIVE_ARCH = YES;
				SDKROOT = iphoneos;
				SWIFT_ACTIVE_COMPILATION_CONDITIONS = DEBUG;
				SWIFT_OPTIMIZATION_LEVEL = "-Onone";
			};
			name = Debug;
		};
		0ED3333F2983FD5D005E2551 /* Release */ = {
			isa = XCBuildConfiguration;
			buildSettings = {
				ALWAYS_SEARCH_USER_PATHS = NO;
				CLANG_ANALYZER_NONNULL = YES;
				CLANG_ANALYZER_NUMBER_OBJECT_CONVERSION = YES_AGGRESSIVE;
				CLANG_CXX_LANGUAGE_STANDARD = "gnu++20";
				CLANG_ENABLE_MODULES = YES;
				CLANG_ENABLE_OBJC_ARC = YES;
				CLANG_ENABLE_OBJC_WEAK = YES;
				CLANG_WARN_BLOCK_CAPTURE_AUTORELEASING = YES;
				CLANG_WARN_BOOL_CONVERSION = YES;
				CLANG_WARN_COMMA = YES;
				CLANG_WARN_CONSTANT_CONVERSION = YES;
				CLANG_WARN_DEPRECATED_OBJC_IMPLEMENTATIONS = YES;
				CLANG_WARN_DIRECT_OBJC_ISA_USAGE = YES_ERROR;
				CLANG_WARN_DOCUMENTATION_COMMENTS = YES;
				CLANG_WARN_EMPTY_BODY = YES;
				CLANG_WARN_ENUM_CONVERSION = YES;
				CLANG_WARN_INFINITE_RECURSION = YES;
				CLANG_WARN_INT_CONVERSION = YES;
				CLANG_WARN_NON_LITERAL_NULL_CONVERSION = YES;
				CLANG_WARN_OBJC_IMPLICIT_RETAIN_SELF = YES;
				CLANG_WARN_OBJC_LITERAL_CONVERSION = YES;
				CLANG_WARN_OBJC_ROOT_CLASS = YES_ERROR;
				CLANG_WARN_QUOTED_INCLUDE_IN_FRAMEWORK_HEADER = YES;
				CLANG_WARN_RANGE_LOOP_ANALYSIS = YES;
				CLANG_WARN_STRICT_PROTOTYPES = YES;
				CLANG_WARN_SUSPICIOUS_MOVE = YES;
				CLANG_WARN_UNGUARDED_AVAILABILITY = YES_AGGRESSIVE;
				CLANG_WARN_UNREACHABLE_CODE = YES;
				CLANG_WARN__DUPLICATE_METHOD_MATCH = YES;
				COPY_PHASE_STRIP = NO;
				DEBUG_INFORMATION_FORMAT = "dwarf-with-dsym";
				ENABLE_NS_ASSERTIONS = NO;
				ENABLE_STRICT_OBJC_MSGSEND = YES;
				GCC_C_LANGUAGE_STANDARD = gnu11;
				GCC_NO_COMMON_BLOCKS = YES;
				GCC_WARN_64_TO_32_BIT_CONVERSION = YES;
				GCC_WARN_ABOUT_RETURN_TYPE = YES_ERROR;
				GCC_WARN_UNDECLARED_SELECTOR = YES;
				GCC_WARN_UNINITIALIZED_AUTOS = YES_AGGRESSIVE;
				GCC_WARN_UNUSED_FUNCTION = YES;
				GCC_WARN_UNUSED_VARIABLE = YES;
				IPHONEOS_DEPLOYMENT_TARGET = 16.2;
				MTL_ENABLE_DEBUG_INFO = NO;
				MTL_FAST_MATH = YES;
				SDKROOT = iphoneos;
				SWIFT_COMPILATION_MODE = wholemodule;
				SWIFT_OPTIMIZATION_LEVEL = "-O";
				VALIDATE_PRODUCT = YES;
			};
			name = Release;
		};
		0ED333412983FD5D005E2551 /* Debug */ = {
			isa = XCBuildConfiguration;
			baseConfigurationReference = A28063022A74CB6286508186 /* Pods-Import.debug.xcconfig */;
			buildSettings = {
				ASSETCATALOG_COMPILER_APPICON_NAME = AppIcon;
				ASSETCATALOG_COMPILER_GLOBAL_ACCENT_COLOR_NAME = AccentColor;
				CODE_SIGN_STYLE = Automatic;
				CURRENT_PROJECT_VERSION = 1;
				DEVELOPMENT_TEAM = 92YDTRVDUA;
				GENERATE_INFOPLIST_FILE = YES;
				INFOPLIST_FILE = "/Users/junha/Desktop/IMPORT_iOS/Import/Import/Resource/Supporting Files/Info.plist";
				INFOPLIST_KEY_UIApplicationSupportsIndirectInputEvents = YES;
				INFOPLIST_KEY_UILaunchStoryboardName = LaunchScreen;
				INFOPLIST_KEY_UIMainStoryboardFile = "";
				INFOPLIST_KEY_UISupportedInterfaceOrientations_iPad = "UIInterfaceOrientationPortrait UIInterfaceOrientationPortraitUpsideDown UIInterfaceOrientationLandscapeLeft UIInterfaceOrientationLandscapeRight";
				INFOPLIST_KEY_UISupportedInterfaceOrientations_iPhone = "UIInterfaceOrientationPortrait UIInterfaceOrientationLandscapeLeft UIInterfaceOrientationLandscapeRight";
				LD_RUNPATH_SEARCH_PATHS = (
					"$(inherited)",
					"@executable_path/Frameworks",
				);
				MARKETING_VERSION = 1.0;
				PRODUCT_BUNDLE_IDENTIFIER = com.Import;
				PRODUCT_NAME = "$(TARGET_NAME)";
				SWIFT_EMIT_LOC_STRINGS = YES;
				SWIFT_VERSION = 5.0;
				TARGETED_DEVICE_FAMILY = "1,2";
			};
			name = Debug;
		};
		0ED333422983FD5D005E2551 /* Release */ = {
			isa = XCBuildConfiguration;
			baseConfigurationReference = AAF69C75B1DBB8F0AFCF88A8 /* Pods-Import.release.xcconfig */;
			buildSettings = {
				ASSETCATALOG_COMPILER_APPICON_NAME = AppIcon;
				ASSETCATALOG_COMPILER_GLOBAL_ACCENT_COLOR_NAME = AccentColor;
				CODE_SIGN_STYLE = Automatic;
				CURRENT_PROJECT_VERSION = 1;
				DEVELOPMENT_TEAM = 92YDTRVDUA;
				GENERATE_INFOPLIST_FILE = YES;
				INFOPLIST_FILE = "/Users/junha/Desktop/IMPORT_iOS/Import/Import/Resource/Supporting Files/Info.plist";
				INFOPLIST_KEY_UIApplicationSupportsIndirectInputEvents = YES;
				INFOPLIST_KEY_UILaunchStoryboardName = LaunchScreen;
				INFOPLIST_KEY_UIMainStoryboardFile = "";
				INFOPLIST_KEY_UISupportedInterfaceOrientations_iPad = "UIInterfaceOrientationPortrait UIInterfaceOrientationPortraitUpsideDown UIInterfaceOrientationLandscapeLeft UIInterfaceOrientationLandscapeRight";
				INFOPLIST_KEY_UISupportedInterfaceOrientations_iPhone = "UIInterfaceOrientationPortrait UIInterfaceOrientationLandscapeLeft UIInterfaceOrientationLandscapeRight";
				LD_RUNPATH_SEARCH_PATHS = (
					"$(inherited)",
					"@executable_path/Frameworks",
				);
				MARKETING_VERSION = 1.0;
				PRODUCT_BUNDLE_IDENTIFIER = com.Import;
				PRODUCT_NAME = "$(TARGET_NAME)";
				SWIFT_EMIT_LOC_STRINGS = YES;
				SWIFT_VERSION = 5.0;
				TARGETED_DEVICE_FAMILY = "1,2";
			};
			name = Release;
		};
/* End XCBuildConfiguration section */

/* Begin XCConfigurationList section */
		0ED333272983FD5C005E2551 /* Build configuration list for PBXProject "Import" */ = {
			isa = XCConfigurationList;
			buildConfigurations = (
				0ED3333E2983FD5D005E2551 /* Debug */,
				0ED3333F2983FD5D005E2551 /* Release */,
			);
			defaultConfigurationIsVisible = 0;
			defaultConfigurationName = Release;
		};
		0ED333402983FD5D005E2551 /* Build configuration list for PBXNativeTarget "Import" */ = {
			isa = XCConfigurationList;
			buildConfigurations = (
				0ED333412983FD5D005E2551 /* Debug */,
				0ED333422983FD5D005E2551 /* Release */,
			);
			defaultConfigurationIsVisible = 0;
			defaultConfigurationName = Release;
		};
/* End XCConfigurationList section */
	};
	rootObject = 0ED333242983FD5C005E2551 /* Project object */;
}
